
Microsoft Visual Studio Solution File, Format Version 12.00
# Visual Studio Version 17
VisualStudioVersion = 17.2.32616.157
MinimumVisualStudioVersion = 10.0.40219.1
Project("{FAE04EC0-301F-11D3-BF4B-00C04F79EFBC}") = "LR_1-1_OOP", "LR_1-1_OOP\LR_1-1_OOP.csproj", "{DE1C2FD6-C07B-4D33-8C4C-CDAF2829921E}"
EndProject
Global
	GlobalSection(SolutionConfigurationPlatforms) = preSolution
		Debug|Any CPU = Debug|Any CPU
		Release|Any CPU = Release|Any CPU
	EndGlobalSection
	GlobalSection(ProjectConfigurationPlatforms) = postSolution
		{DE1C2FD6-C07B-4D33-8C4C-CDAF2829921E}.Debug|Any CPU.ActiveCfg = Debug|Any CPU
		{DE1C2FD6-C07B-4D33-8C4C-CDAF2829921E}.Debug|Any CPU.Build.0 = Debug|Any CPU
		{DE1C2FD6-C07B-4D33-8C4C-CDAF2829921E}.Release|Any CPU.ActiveCfg = Release|Any CPU
		{DE1C2FD6-C07B-4D33-8C4C-CDAF2829921E}.Release|Any CPU.Build.0 = Release|Any CPU
	EndGlobalSection
	GlobalSection(SolutionProperties) = preSolution
		HideSolutionNode = FALSE
	EndGlobalSection
	GlobalSection(ExtensibilityGlobals) = postSolution
		SolutionGuid = {574DEAC8-3779-48BF-8CCC-87DB1F6BCCCF}
	EndGlobalSection
EndGlobal
